// !$*UTF8*$!
{
	archiveVersion = 1;
	classes = {
	};
	objectVersion = 50;
	objects = {

/* Begin PBXBuildFile section */
		8424F49922C0BDDD00E53FB3 /* MapView.swift in Sources */ = {isa = PBXBuildFile; fileRef = 8424F49822C0BDDD00E53FB3 /* MapView.swift */; };
		8424F49B22C0BE2A00E53FB3 /* Map.swift in Sources */ = {isa = PBXBuildFile; fileRef = 8424F49A22C0BE2A00E53FB3 /* Map.swift */; };
		8424F49D22C0C03600E53FB3 /* SlideOverCard.swift in Sources */ = {isa = PBXBuildFile; fileRef = 8424F49C22C0C03600E53FB3 /* SlideOverCard.swift */; };
		8424F49F22C0C10100E53FB3 /* Handle.swift in Sources */ = {isa = PBXBuildFile; fileRef = 8424F49E22C0C10100E53FB3 /* Handle.swift */; };
		8424F4A122C0C29200E53FB3 /* CoverImage.swift in Sources */ = {isa = PBXBuildFile; fileRef = 8424F4A022C0C29200E53FB3 /* CoverImage.swift */; };
		8424F4A522C0D1EC00E53FB3 /* CircleButton.swift in Sources */ = {isa = PBXBuildFile; fileRef = 8424F4A422C0D1EC00E53FB3 /* CircleButton.swift */; };
		8424F4A722C0D2C200E53FB3 /* FloatingButton.swift in Sources */ = {isa = PBXBuildFile; fileRef = 8424F4A622C0D2C200E53FB3 /* FloatingButton.swift */; };
		844B459D22BE78BA0043A752 /* AppDelegate.swift in Sources */ = {isa = PBXBuildFile; fileRef = 844B459C22BE78BA0043A752 /* AppDelegate.swift */; };
		844B459F22BE78BA0043A752 /* SceneDelegate.swift in Sources */ = {isa = PBXBuildFile; fileRef = 844B459E22BE78BA0043A752 /* SceneDelegate.swift */; };
		844B45A122BE78BA0043A752 /* ContentView.swift in Sources */ = {isa = PBXBuildFile; fileRef = 844B45A022BE78BA0043A752 /* ContentView.swift */; };
		844B45A322BE78BC0043A752 /* Assets.xcassets in Resources */ = {isa = PBXBuildFile; fileRef = 844B45A222BE78BC0043A752 /* Assets.xcassets */; };
		844B45A622BE78BC0043A752 /* Preview Assets.xcassets in Resources */ = {isa = PBXBuildFile; fileRef = 844B45A522BE78BC0043A752 /* Preview Assets.xcassets */; };
		844B45A922BE78BC0043A752 /* LaunchScreen.storyboard in Resources */ = {isa = PBXBuildFile; fileRef = 844B45A722BE78BC0043A752 /* LaunchScreen.storyboard */; };
		844B45B222BE7B270043A752 /* FacebookLikeView.swift in Sources */ = {isa = PBXBuildFile; fileRef = 844B45B122BE7B270043A752 /* FacebookLikeView.swift */; };
		844B45BB22BE8DD80043A752 /* CardWalletView.swift in Sources */ = {isa = PBXBuildFile; fileRef = 844B45BA22BE8DD80043A752 /* CardWalletView.swift */; };
/* End PBXBuildFile section */

/* Begin PBXFileReference section */
		8424F49822C0BDDD00E53FB3 /* MapView.swift */ = {isa = PBXFileReference; lastKnownFileType = sourcecode.swift; path = MapView.swift; sourceTree = "<group>"; };
		8424F49A22C0BE2A00E53FB3 /* Map.swift */ = {isa = PBXFileReference; lastKnownFileType = sourcecode.swift; path = Map.swift; sourceTree = "<group>"; };
		8424F49C22C0C03600E53FB3 /* SlideOverCard.swift */ = {isa = PBXFileReference; lastKnownFileType = sourcecode.swift; path = SlideOverCard.swift; sourceTree = "<group>"; };
		8424F49E22C0C10100E53FB3 /* Handle.swift */ = {isa = PBXFileReference; lastKnownFileType = sourcecode.swift; path = Handle.swift; sourceTree = "<group>"; };
		8424F4A022C0C29200E53FB3 /* CoverImage.swift */ = {isa = PBXFileReference; lastKnownFileType = sourcecode.swift; path = CoverImage.swift; sourceTree = "<group>"; };
		8424F4A422C0D1EC00E53FB3 /* CircleButton.swift */ = {isa = PBXFileReference; lastKnownFileType = sourcecode.swift; path = CircleButton.swift; sourceTree = "<group>"; };
		8424F4A622C0D2C200E53FB3 /* FloatingButton.swift */ = {isa = PBXFileReference; lastKnownFileType = sourcecode.swift; path = FloatingButton.swift; sourceTree = "<group>"; };
		844B459922BE78BA0043A752 /* Explore-SwiftUI.app */ = {isa = PBXFileReference; explicitFileType = wrapper.application; includeInIndex = 0; path = "Explore-SwiftUI.app"; sourceTree = BUILT_PRODUCTS_DIR; };
		844B459C22BE78BA0043A752 /* AppDelegate.swift */ = {isa = PBXFileReference; lastKnownFileType = sourcecode.swift; path = AppDelegate.swift; sourceTree = "<group>"; };
		844B459E22BE78BA0043A752 /* SceneDelegate.swift */ = {isa = PBXFileReference; lastKnownFileType = sourcecode.swift; path = SceneDelegate.swift; sourceTree = "<group>"; };
		844B45A022BE78BA0043A752 /* ContentView.swift */ = {isa = PBXFileReference; lastKnownFileType = sourcecode.swift; path = ContentView.swift; sourceTree = "<group>"; };
		844B45A222BE78BC0043A752 /* Assets.xcassets */ = {isa = PBXFileReference; lastKnownFileType = folder.assetcatalog; path = Assets.xcassets; sourceTree = "<group>"; };
		844B45A522BE78BC0043A752 /* Preview Assets.xcassets */ = {isa = PBXFileReference; lastKnownFileType = folder.assetcatalog; path = "Preview Assets.xcassets"; sourceTree = "<group>"; };
		844B45A822BE78BC0043A752 /* Base */ = {isa = PBXFileReference; lastKnownFileType = file.storyboard; name = Base; path = Base.lproj/LaunchScreen.storyboard; sourceTree = "<group>"; };
		844B45AA22BE78BC0043A752 /* Info.plist */ = {isa = PBXFileReference; lastKnownFileType = text.plist.xml; path = Info.plist; sourceTree = "<group>"; };
		844B45B122BE7B270043A752 /* FacebookLikeView.swift */ = {isa = PBXFileReference; lastKnownFileType = sourcecode.swift; path = FacebookLikeView.swift; sourceTree = "<group>"; };
		844B45B322BE821C0043A752 /* README.md */ = {isa = PBXFileReference; lastKnownFileType = net.daringfireball.markdown; path = README.md; sourceTree = "<group>"; };
		844B45BA22BE8DD80043A752 /* CardWalletView.swift */ = {isa = PBXFileReference; lastKnownFileType = sourcecode.swift; path = CardWalletView.swift; sourceTree = "<group>"; };
/* End PBXFileReference section */

/* Begin PBXFrameworksBuildPhase section */
		844B459622BE78BA0043A752 /* Frameworks */ = {
			isa = PBXFrameworksBuildPhase;
			buildActionMask = 2147483647;
			files = (
			);
			runOnlyForDeploymentPostprocessing = 0;
		};
/* End PBXFrameworksBuildPhase section */

/* Begin PBXGroup section */
		8424F49522C0BA9400E53FB3 /* Map */ = {
			isa = PBXGroup;
			children = (
				8424F49822C0BDDD00E53FB3 /* MapView.swift */,
				8424F49A22C0BE2A00E53FB3 /* Map.swift */,
				8424F49C22C0C03600E53FB3 /* SlideOverCard.swift */,
				8424F49E22C0C10100E53FB3 /* Handle.swift */,
				8424F4A022C0C29200E53FB3 /* CoverImage.swift */,
			);
			name = Map;
			sourceTree = "<group>";
		};
		8424F4A322C0D1B200E53FB3 /* FloatingButton */ = {
			isa = PBXGroup;
			children = (
				8424F4A422C0D1EC00E53FB3 /* CircleButton.swift */,
				8424F4A622C0D2C200E53FB3 /* FloatingButton.swift */,
			);
			name = FloatingButton;
			sourceTree = "<group>";
		};
		844B459022BE78BA0043A752 = {
			isa = PBXGroup;
			children = (
				844B45B322BE821C0043A752 /* README.md */,
				844B459B22BE78BA0043A752 /* Explore-SwiftUI */,
				844B459A22BE78BA0043A752 /* Products */,
			);
			sourceTree = "<group>";
		};
		844B459A22BE78BA0043A752 /* Products */ = {
			isa = PBXGroup;
			children = (
				844B459922BE78BA0043A752 /* Explore-SwiftUI.app */,
			);
			name = Products;
			sourceTree = "<group>";
		};
		844B459B22BE78BA0043A752 /* Explore-SwiftUI */ = {
			isa = PBXGroup;
			children = (
				844B45B022BE7B100043A752 /* UI */,
				844B459C22BE78BA0043A752 /* AppDelegate.swift */,
				844B459E22BE78BA0043A752 /* SceneDelegate.swift */,
				844B45A022BE78BA0043A752 /* ContentView.swift */,
				844B45A222BE78BC0043A752 /* Assets.xcassets */,
				844B45A722BE78BC0043A752 /* LaunchScreen.storyboard */,
				844B45AA22BE78BC0043A752 /* Info.plist */,
				844B45A422BE78BC0043A752 /* Preview Content */,
			);
			path = "Explore-SwiftUI";
			sourceTree = "<group>";
		};
		844B45A422BE78BC0043A752 /* Preview Content */ = {
			isa = PBXGroup;
			children = (
				844B45A522BE78BC0043A752 /* Preview Assets.xcassets */,
			);
			path = "Preview Content";
			sourceTree = "<group>";
		};
		844B45B022BE7B100043A752 /* UI */ = {
			isa = PBXGroup;
			children = (
				8424F4A322C0D1B200E53FB3 /* FloatingButton */,
				8424F49522C0BA9400E53FB3 /* Map */,
				844B45B122BE7B270043A752 /* FacebookLikeView.swift */,
				844B45BA22BE8DD80043A752 /* CardWalletView.swift */,
			);
			name = UI;
			sourceTree = "<group>";
		};
/* End PBXGroup section */

/* Begin PBXNativeTarget section */
		844B459822BE78BA0043A752 /* Explore-SwiftUI */ = {
			isa = PBXNativeTarget;
			buildConfigurationList = 844B45AD22BE78BC0043A752 /* Build configuration list for PBXNativeTarget "Explore-SwiftUI" */;
			buildPhases = (
				844B459522BE78BA0043A752 /* Sources */,
				844B459622BE78BA0043A752 /* Frameworks */,
				844B459722BE78BA0043A752 /* Resources */,
			);
			buildRules = (
			);
			dependencies = (
			);
			name = "Explore-SwiftUI";
			productName = "Explore-SwiftUI";
			productReference = 844B459922BE78BA0043A752 /* Explore-SwiftUI.app */;
			productType = "com.apple.product-type.application";
		};
/* End PBXNativeTarget section */

/* Begin PBXProject section */
		844B459122BE78BA0043A752 /* Project object */ = {
			isa = PBXProject;
			attributes = {
				LastSwiftUpdateCheck = 1100;
				LastUpgradeCheck = 1100;
				ORGANIZATIONNAME = "Muhammad Hanif Sugiyanto";
				TargetAttributes = {
					844B459822BE78BA0043A752 = {
						CreatedOnToolsVersion = 11.0;
					};
				};
			};
			buildConfigurationList = 844B459422BE78BA0043A752 /* Build configuration list for PBXProject "Explore-SwiftUI" */;
			compatibilityVersion = "Xcode 9.3";
			developmentRegion = en;
			hasScannedForEncodings = 0;
			knownRegions = (
				en,
				Base,
			);
			mainGroup = 844B459022BE78BA0043A752;
			productRefGroup = 844B459A22BE78BA0043A752 /* Products */;
			projectDirPath = "";
			projectRoot = "";
			targets = (
				844B459822BE78BA0043A752 /* Explore-SwiftUI */,
			);
		};
/* End PBXProject section */

/* Begin PBXResourcesBuildPhase section */
		844B459722BE78BA0043A752 /* Resources */ = {
			isa = PBXResourcesBuildPhase;
			buildActionMask = 2147483647;
			files = (
				844B45A922BE78BC0043A752 /* LaunchScreen.storyboard in Resources */,
				844B45A622BE78BC0043A752 /* Preview Assets.xcassets in Resources */,
				844B45A322BE78BC0043A752 /* Assets.xcassets in Resources */,
			);
			runOnlyForDeploymentPostprocessing = 0;
		};
/* End PBXResourcesBuildPhase section */

/* Begin PBXSourcesBuildPhase section */
		844B459522BE78BA0043A752 /* Sources */ = {
			isa = PBXSourcesBuildPhase;
			buildActionMask = 2147483647;
			files = (
				844B459D22BE78BA0043A752 /* AppDelegate.swift in Sources */,
				8424F4A122C0C29200E53FB3 /* CoverImage.swift in Sources */,
				8424F49922C0BDDD00E53FB3 /* MapView.swift in Sources */,
				8424F49F22C0C10100E53FB3 /* Handle.swift in Sources */,
				844B459F22BE78BA0043A752 /* SceneDelegate.swift in Sources */,
				8424F49B22C0BE2A00E53FB3 /* Map.swift in Sources */,
				8424F4A522C0D1EC00E53FB3 /* CircleButton.swift in Sources */,
				844B45A122BE78BA0043A752 /* ContentView.swift in Sources */,
				8424F49D22C0C03600E53FB3 /* SlideOverCard.swift in Sources */,
				844B45BB22BE8DD80043A752 /* CardWalletView.swift in Sources */,
				844B45B222BE7B270043A752 /* FacebookLikeView.swift in Sources */,
				8424F4A722C0D2C200E53FB3 /* FloatingButton.swift in Sources */,
			);
			runOnlyForDeploymentPostprocessing = 0;
		};
/* End PBXSourcesBuildPhase section */

/* Begin PBXVariantGroup section */
		844B45A722BE78BC0043A752 /* LaunchScreen.storyboard */ = {
			isa = PBXVariantGroup;
			children = (
				844B45A822BE78BC0043A752 /* Base */,
			);
			name = LaunchScreen.storyboard;
			sourceTree = "<group>";
		};
/* End PBXVariantGroup section */

/* Begin XCBuildConfiguration section */
		844B45AB22BE78BC0043A752 /* Debug */ = {
			isa = XCBuildConfiguration;
			buildSettings = {
				ALWAYS_SEARCH_USER_PATHS = NO;
				CLANG_ANALYZER_NONNULL = YES;
				CLANG_ANALYZER_NUMBER_OBJECT_CONVERSION = YES_AGGRESSIVE;
				CLANG_CXX_LANGUAGE_STANDARD = "gnu++14";
				CLANG_CXX_LIBRARY = "libc++";
				CLANG_ENABLE_MODULES = YES;
				CLANG_ENABLE_OBJC_ARC = YES;
				CLANG_ENABLE_OBJC_WEAK = YES;
				CLANG_WARN_BLOCK_CAPTURE_AUTORELEASING = YES;
				CLANG_WARN_BOOL_CONVERSION = YES;
				CLANG_WARN_COMMA = YES;
				CLANG_WARN_CONSTANT_CONVERSION = YES;
				CLANG_WARN_DEPRECATED_OBJC_IMPLEMENTATIONS = YES;
				CLANG_WARN_DIRECT_OBJC_ISA_USAGE = YES_ERROR;
				CLANG_WARN_DOCUMENTATION_COMMENTS = YES;
				CLANG_WARN_EMPTY_BODY = YES;
				CLANG_WARN_ENUM_CONVERSION = YES;
				CLANG_WARN_INFINITE_RECURSION = YES;
				CLANG_WARN_INT_CONVERSION = YES;
				CLANG_WARN_NON_LITERAL_NULL_CONVERSION = YES;
				CLANG_WARN_OBJC_IMPLICIT_RETAIN_SELF = YES;
				CLANG_WARN_OBJC_LITERAL_CONVERSION = YES;
				CLANG_WARN_OBJC_ROOT_CLASS = YES_ERROR;
				CLANG_WARN_RANGE_LOOP_ANALYSIS = YES;
				CLANG_WARN_STRICT_PROTOTYPES = YES;
				CLANG_WARN_SUSPICIOUS_MOVE = YES;
				CLANG_WARN_UNGUARDED_AVAILABILITY = YES_AGGRESSIVE;
				CLANG_WARN_UNREACHABLE_CODE = YES;
				CLANG_WARN__DUPLICATE_METHOD_MATCH = YES;
				COPY_PHASE_STRIP = NO;
				DEBUG_INFORMATION_FORMAT = dwarf;
				ENABLE_STRICT_OBJC_MSGSEND = YES;
				ENABLE_TESTABILITY = YES;
				GCC_C_LANGUAGE_STANDARD = gnu11;
				GCC_DYNAMIC_NO_PIC = NO;
				GCC_NO_COMMON_BLOCKS = YES;
				GCC_OPTIMIZATION_LEVEL = 0;
				GCC_PREPROCESSOR_DEFINITIONS = (
					"DEBUG=1",
					"$(inherited)",
				);
				GCC_WARN_64_TO_32_BIT_CONVERSION = YES;
				GCC_WARN_ABOUT_RETURN_TYPE = YES_ERROR;
				GCC_WARN_UNDECLARED_SELECTOR = YES;
				GCC_WARN_UNINITIALIZED_AUTOS = YES_AGGRESSIVE;
				GCC_WARN_UNUSED_FUNCTION = YES;
				GCC_WARN_UNUSED_VARIABLE = YES;
				IPHONEOS_DEPLOYMENT_TARGET = 13.0;
				MTL_ENABLE_DEBUG_INFO = INCLUDE_SOURCE;
				MTL_FAST_MATH = YES;
				ONLY_ACTIVE_ARCH = YES;
				SDKROOT = iphoneos;
				SWIFT_ACTIVE_COMPILATION_CONDITIONS = DEBUG;
				SWIFT_OPTIMIZATION_LEVEL = "-Onone";
			};
			name = Debug;
		};
		844B45AC22BE78BC0043A752 /* Release */ = {
			isa = XCBuildConfiguration;
			buildSettings = {
				ALWAYS_SEARCH_USER_PATHS = NO;
				CLANG_ANALYZER_NONNULL = YES;
				CLANG_ANALYZER_NUMBER_OBJECT_CONVERSION = YES_AGGRESSIVE;
				CLANG_CXX_LANGUAGE_STANDARD = "gnu++14";
				CLANG_CXX_LIBRARY = "libc++";
				CLANG_ENABLE_MODULES = YES;
				CLANG_ENABLE_OBJC_ARC = YES;
				CLANG_ENABLE_OBJC_WEAK = YES;
				CLANG_WARN_BLOCK_CAPTURE_AUTORELEASING = YES;
				CLANG_WARN_BOOL_CONVERSION = YES;
				CLANG_WARN_COMMA = YES;
				CLANG_WARN_CONSTANT_CONVERSION = YES;
				CLANG_WARN_DEPRECATED_OBJC_IMPLEMENTATIONS = YES;
				CLANG_WARN_DIRECT_OBJC_ISA_USAGE = YES_ERROR;
				CLANG_WARN_DOCUMENTATION_COMMENTS = YES;
				CLANG_WARN_EMPTY_BODY = YES;
				CLANG_WARN_ENUM_CONVERSION = YES;
				CLANG_WARN_INFINITE_RECURSION = YES;
				CLANG_WARN_INT_CONVERSION = YES;
				CLANG_WARN_NON_LITERAL_NULL_CONVERSION = YES;
				CLANG_WARN_OBJC_IMPLICIT_RETAIN_SELF = YES;
				CLANG_WARN_OBJC_LITERAL_CONVERSION = YES;
				CLANG_WARN_OBJC_ROOT_CLASS = YES_ERROR;
				CLANG_WARN_RANGE_LOOP_ANALYSIS = YES;
				CLANG_WARN_STRICT_PROTOTYPES = YES;
				CLANG_WARN_SUSPICIOUS_MOVE = YES;
				CLANG_WARN_UNGUARDED_AVAILABILITY = YES_AGGRESSIVE;
				CLANG_WARN_UNREACHABLE_CODE = YES;
				CLANG_WARN__DUPLICATE_METHOD_MATCH = YES;
				COPY_PHASE_STRIP = NO;
				DEBUG_INFORMATION_FORMAT = "dwarf-with-dsym";
				ENABLE_NS_ASSERTIONS = NO;
				ENABLE_STRICT_OBJC_MSGSEND = YES;
				GCC_C_LANGUAGE_STANDARD = gnu11;
				GCC_NO_COMMON_BLOCKS = YES;
				GCC_WARN_64_TO_32_BIT_CONVERSION = YES;
				GCC_WARN_ABOUT_RETURN_TYPE = YES_ERROR;
				GCC_WARN_UNDECLARED_SELECTOR = YES;
				GCC_WARN_UNINITIALIZED_AUTOS = YES_AGGRESSIVE;
				GCC_WARN_UNUSED_FUNCTION = YES;
				GCC_WARN_UNUSED_VARIABLE = YES;
				IPHONEOS_DEPLOYMENT_TARGET = 13.0;
				MTL_ENABLE_DEBUG_INFO = NO;
				MTL_FAST_MATH = YES;
				SDKROOT = iphoneos;
				SWIFT_COMPILATION_MODE = wholemodule;
				SWIFT_OPTIMIZATION_LEVEL = "-O";
				VALIDATE_PRODUCT = YES;
			};
			name = Release;
		};
		844B45AE22BE78BC0043A752 /* Debug */ = {
			isa = XCBuildConfiguration;
			buildSettings = {
				ASSETCATALOG_COMPILER_APPICON_NAME = AppIcon;
				CODE_SIGN_STYLE = Automatic;
				DEVELOPMENT_ASSET_PATHS = "Explore-SwiftUI/Preview\\ Content";
				DEVELOPMENT_TEAM = HZTFYZRUYW;
				ENABLE_PREVIEWS = YES;
				INFOPLIST_FILE = "Explore-SwiftUI/Info.plist";
				LD_RUNPATH_SEARCH_PATHS = (
					"$(inherited)",
					"@executable_path/Frameworks",
				);
				PRODUCT_BUNDLE_IDENTIFIER = "com.Explore-SwiftUI";
				PRODUCT_NAME = "$(TARGET_NAME)";
				SWIFT_VERSION = 5.0;
				TARGETED_DEVICE_FAMILY = "1,2";
			};
			name = Debug;
		};
		844B45AF22BE78BC0043A752 /* Release */ = {
			isa = XCBuildConfiguration;
			buildSettings = {
				ASSETCATALOG_COMPILER_APPICON_NAME = AppIcon;
				CODE_SIGN_STYLE = Automatic;
				DEVELOPMENT_ASSET_PATHS = "Explore-SwiftUI/Preview\\ Content";
				DEVELOPMENT_TEAM = HZTFYZRUYW;
				ENABLE_PREVIEWS = YES;
				INFOPLIST_FILE = "Explore-SwiftUI/Info.plist";
				LD_RUNPATH_SEARCH_PATHS = (
					"$(inherited)",
					"@executable_path/Frameworks",
				);
				PRODUCT_BUNDLE_IDENTIFIER = "com.Explore-SwiftUI";
				PRODUCT_NAME = "$(TARGET_NAME)";
				SWIFT_VERSION = 5.0;
				TARGETED_DEVICE_FAMILY = "1,2";
			};
			name = Release;
		};
/* End XCBuildConfiguration section */

/* Begin XCConfigurationList section */
		844B459422BE78BA0043A752 /* Build configuration list for PBXProject "Explore-SwiftUI" */ = {
			isa = XCConfigurationList;
			buildConfigurations = (
				844B45AB22BE78BC0043A752 /* Debug */,
				844B45AC22BE78BC0043A752 /* Release */,
			);
			defaultConfigurationIsVisible = 0;
			defaultConfigurationName = Release;
		};
		844B45AD22BE78BC0043A752 /* Build configuration list for PBXNativeTarget "Explore-SwiftUI" */ = {
			isa = XCConfigurationList;
			buildConfigurations = (
				844B45AE22BE78BC0043A752 /* Debug */,
				844B45AF22BE78BC0043A752 /* Release */,
			);
			defaultConfigurationIsVisible = 0;
			defaultConfigurationName = Release;
		};
/* End XCConfigurationList section */
	};
	rootObject = 844B459122BE78BA0043A752 /* Project object */;
}
